// !$*UTF8*$!
{
	archiveVersion = 1;
	classes = {
	};
	objectVersion = 56;
	objects = {

/* Begin PBXBuildFile section */
		4FBBBEED2A340FD000B15468 /* Model.swift in Sources */ = {isa = PBXBuildFile; fileRef = 4FBBBEEC2A340FD000B15468 /* Model.swift */; };
		4FEA469929D39CA400AFF968 /* AppDelegate.swift in Sources */ = {isa = PBXBuildFile; fileRef = 4FEA469829D39CA400AFF968 /* AppDelegate.swift */; };
		4FEA469B29D39CA400AFF968 /* SceneDelegate.swift in Sources */ = {isa = PBXBuildFile; fileRef = 4FEA469A29D39CA400AFF968 /* SceneDelegate.swift */; };
		4FEA469D29D39CA400AFF968 /* ViewController.swift in Sources */ = {isa = PBXBuildFile; fileRef = 4FEA469C29D39CA400AFF968 /* ViewController.swift */; };
		4FEA46A029D39CA400AFF968 /* Main.storyboard in Resources */ = {isa = PBXBuildFile; fileRef = 4FEA469E29D39CA400AFF968 /* Main.storyboard */; };
		4FEA46A229D39CA500AFF968 /* Assets.xcassets in Resources */ = {isa = PBXBuildFile; fileRef = 4FEA46A129D39CA500AFF968 /* Assets.xcassets */; };
		4FEA46A529D39CA500AFF968 /* LaunchScreen.storyboard in Resources */ = {isa = PBXBuildFile; fileRef = 4FEA46A329D39CA500AFF968 /* LaunchScreen.storyboard */; };
		4FEA46CB29D5261E00AFF968 /* TableViewCell.swift in Sources */ = {isa = PBXBuildFile; fileRef = 4FEA46C929D5261E00AFF968 /* TableViewCell.swift */; };
		4FEA46CC29D5261E00AFF968 /* TableViewCell.xib in Resources */ = {isa = PBXBuildFile; fileRef = 4FEA46CA29D5261E00AFF968 /* TableViewCell.xib */; };
		4FEA46D029D5280000AFF968 /* TableView Model.swift in Sources */ = {isa = PBXBuildFile; fileRef = 4FEA46CF29D5280000AFF968 /* TableView Model.swift */; };
		4FEA46D629D67A5400AFF968 /* SecondViewController.swift in Sources */ = {isa = PBXBuildFile; fileRef = 4FEA46D529D67A5400AFF968 /* SecondViewController.swift */; };
/* End PBXBuildFile section */

/* Begin PBXContainerItemProxy section */
		4FEA46AC29D39CA500AFF968 /* PBXContainerItemProxy */ = {
			isa = PBXContainerItemProxy;
			containerPortal = 4FEA468D29D39CA400AFF968 /* Project object */;
			proxyType = 1;
			remoteGlobalIDString = 4FEA469429D39CA400AFF968;
			remoteInfo = "Tarea Final Nivel 1";
		};
		4FEA46B629D39CA500AFF968 /* PBXContainerItemProxy */ = {
			isa = PBXContainerItemProxy;
			containerPortal = 4FEA468D29D39CA400AFF968 /* Project object */;
			proxyType = 1;
			remoteGlobalIDString = 4FEA469429D39CA400AFF968;
			remoteInfo = "Tarea Final Nivel 1";
		};
/* End PBXContainerItemProxy section */

/* Begin PBXFileReference section */
		4FBBBEEC2A340FD000B15468 /* Model.swift */ = {isa = PBXFileReference; lastKnownFileType = sourcecode.swift; path = Model.swift; sourceTree = "<group>"; };
		4FEA469529D39CA400AFF968 /* Tarea Final Nivel 1.app */ = {isa = PBXFileReference; explicitFileType = wrapper.application; includeInIndex = 0; path = "Tarea Final Nivel 1.app"; sourceTree = BUILT_PRODUCTS_DIR; };
		4FEA469829D39CA400AFF968 /* AppDelegate.swift */ = {isa = PBXFileReference; lastKnownFileType = sourcecode.swift; path = AppDelegate.swift; sourceTree = "<group>"; };
		4FEA469A29D39CA400AFF968 /* SceneDelegate.swift */ = {isa = PBXFileReference; lastKnownFileType = sourcecode.swift; path = SceneDelegate.swift; sourceTree = "<group>"; };
		4FEA469C29D39CA400AFF968 /* ViewController.swift */ = {isa = PBXFileReference; lastKnownFileType = sourcecode.swift; path = ViewController.swift; sourceTree = "<group>"; };
		4FEA469F29D39CA400AFF968 /* Base */ = {isa = PBXFileReference; lastKnownFileType = file.storyboard; name = Base; path = Base.lproj/Main.storyboard; sourceTree = "<group>"; };
		4FEA46A129D39CA500AFF968 /* Assets.xcassets */ = {isa = PBXFileReference; lastKnownFileType = folder.assetcatalog; path = Assets.xcassets; sourceTree = "<group>"; };
		4FEA46A429D39CA500AFF968 /* Base */ = {isa = PBXFileReference; lastKnownFileType = file.storyboard; name = Base; path = Base.lproj/LaunchScreen.storyboard; sourceTree = "<group>"; };
		4FEA46A629D39CA500AFF968 /* Info.plist */ = {isa = PBXFileReference; lastKnownFileType = text.plist.xml; path = Info.plist; sourceTree = "<group>"; };
		4FEA46AB29D39CA500AFF968 /* Tarea Final Nivel 1Tests.xctest */ = {isa = PBXFileReference; explicitFileType = wrapper.cfbundle; includeInIndex = 0; path = "Tarea Final Nivel 1Tests.xctest"; sourceTree = BUILT_PRODUCTS_DIR; };
		4FEA46B529D39CA500AFF968 /* Tarea Final Nivel 1UITests.xctest */ = {isa = PBXFileReference; explicitFileType = wrapper.cfbundle; includeInIndex = 0; path = "Tarea Final Nivel 1UITests.xctest"; sourceTree = BUILT_PRODUCTS_DIR; };
		4FEA46C929D5261E00AFF968 /* TableViewCell.swift */ = {isa = PBXFileReference; lastKnownFileType = sourcecode.swift; path = TableViewCell.swift; sourceTree = "<group>"; };
		4FEA46CA29D5261E00AFF968 /* TableViewCell.xib */ = {isa = PBXFileReference; lastKnownFileType = file.xib; path = TableViewCell.xib; sourceTree = "<group>"; };
		4FEA46CF29D5280000AFF968 /* TableView Model.swift */ = {isa = PBXFileReference; lastKnownFileType = sourcecode.swift; path = "TableView Model.swift"; sourceTree = "<group>"; };
		4FEA46D529D67A5400AFF968 /* SecondViewController.swift */ = {isa = PBXFileReference; lastKnownFileType = sourcecode.swift; path = SecondViewController.swift; sourceTree = "<group>"; };
/* End PBXFileReference section */

/* Begin PBXFrameworksBuildPhase section */
		4FEA469229D39CA400AFF968 /* Frameworks */ = {
			isa = PBXFrameworksBuildPhase;
			buildActionMask = 2147483647;
			files = (
			);
			runOnlyForDeploymentPostprocessing = 0;
		};
		4FEA46A829D39CA500AFF968 /* Frameworks */ = {
			isa = PBXFrameworksBuildPhase;
			buildActionMask = 2147483647;
			files = (
			);
			runOnlyForDeploymentPostprocessing = 0;
		};
		4FEA46B229D39CA500AFF968 /* Frameworks */ = {
			isa = PBXFrameworksBuildPhase;
			buildActionMask = 2147483647;
			files = (
			);
			runOnlyForDeploymentPostprocessing = 0;
		};
/* End PBXFrameworksBuildPhase section */

/* Begin PBXGroup section */
		4FEA468C29D39CA400AFF968 = {
			isa = PBXGroup;
			children = (
				4FEA469729D39CA400AFF968 /* Tarea Final Nivel 1 */,
				4FEA469629D39CA400AFF968 /* Products */,
			);
			sourceTree = "<group>";
		};
		4FEA469629D39CA400AFF968 /* Products */ = {
			isa = PBXGroup;
			children = (
				4FEA469529D39CA400AFF968 /* Tarea Final Nivel 1.app */,
				4FEA46AB29D39CA500AFF968 /* Tarea Final Nivel 1Tests.xctest */,
				4FEA46B529D39CA500AFF968 /* Tarea Final Nivel 1UITests.xctest */,
			);
			name = Products;
			sourceTree = "<group>";
		};
		4FEA469729D39CA400AFF968 /* Tarea Final Nivel 1 */ = {
			isa = PBXGroup;
			children = (
				4FEA46C829D525CA00AFF968 /* TableView */,
				4FEA469829D39CA400AFF968 /* AppDelegate.swift */,
				4FEA469A29D39CA400AFF968 /* SceneDelegate.swift */,
				4FEA469C29D39CA400AFF968 /* ViewController.swift */,
				4FEA46D529D67A5400AFF968 /* SecondViewController.swift */,
				4FBBBEEC2A340FD000B15468 /* Model.swift */,
				4FEA469E29D39CA400AFF968 /* Main.storyboard */,
				4FEA46A129D39CA500AFF968 /* Assets.xcassets */,
				4FEA46A329D39CA500AFF968 /* LaunchScreen.storyboard */,
				4FEA46A629D39CA500AFF968 /* Info.plist */,
			);
			path = "Tarea Final Nivel 1";
			sourceTree = "<group>";
		};
		4FEA46C829D525CA00AFF968 /* TableView */ = {
			isa = PBXGroup;
			children = (
				4FEA46C929D5261E00AFF968 /* TableViewCell.swift */,
				4FEA46CA29D5261E00AFF968 /* TableViewCell.xib */,
				4FEA46CF29D5280000AFF968 /* TableView Model.swift */,
			);
			path = TableView;
			sourceTree = "<group>";
		};
/* End PBXGroup section */

/* Begin PBXNativeTarget section */
		4FEA469429D39CA400AFF968 /* Tarea Final Nivel 1 */ = {
			isa = PBXNativeTarget;
			buildConfigurationList = 4FEA46BF29D39CA500AFF968 /* Build configuration list for PBXNativeTarget "Tarea Final Nivel 1" */;
			buildPhases = (
				4FEA469129D39CA400AFF968 /* Sources */,
				4FEA469229D39CA400AFF968 /* Frameworks */,
				4FEA469329D39CA400AFF968 /* Resources */,
			);
			buildRules = (
			);
			dependencies = (
			);
			name = "Tarea Final Nivel 1";
			productName = "Tarea Final Nivel 1";
			productReference = 4FEA469529D39CA400AFF968 /* Tarea Final Nivel 1.app */;
			productType = "com.apple.product-type.application";
		};
		4FEA46AA29D39CA500AFF968 /* Tarea Final Nivel 1Tests */ = {
			isa = PBXNativeTarget;
			buildConfigurationList = 4FEA46C229D39CA500AFF968 /* Build configuration list for PBXNativeTarget "Tarea Final Nivel 1Tests" */;
			buildPhases = (
				4FEA46A729D39CA500AFF968 /* Sources */,
				4FEA46A829D39CA500AFF968 /* Frameworks */,
				4FEA46A929D39CA500AFF968 /* Resources */,
			);
			buildRules = (
			);
			dependencies = (
				4FEA46AD29D39CA500AFF968 /* PBXTargetDependency */,
			);
			name = "Tarea Final Nivel 1Tests";
			productName = "Tarea Final Nivel 1Tests";
			productReference = 4FEA46AB29D39CA500AFF968 /* Tarea Final Nivel 1Tests.xctest */;
			productType = "com.apple.product-type.bundle.unit-test";
		};
		4FEA46B429D39CA500AFF968 /* Tarea Final Nivel 1UITests */ = {
			isa = PBXNativeTarget;
			buildConfigurationList = 4FEA46C529D39CA500AFF968 /* Build configuration list for PBXNativeTarget "Tarea Final Nivel 1UITests" */;
			buildPhases = (
				4FEA46B129D39CA500AFF968 /* Sources */,
				4FEA46B229D39CA500AFF968 /* Frameworks */,
				4FEA46B329D39CA500AFF968 /* Resources */,
			);
			buildRules = (
			);
			dependencies = (
				4FEA46B729D39CA500AFF968 /* PBXTargetDependency */,
			);
			name = "Tarea Final Nivel 1UITests";
			productName = "Tarea Final Nivel 1UITests";
			productReference = 4FEA46B529D39CA500AFF968 /* Tarea Final Nivel 1UITests.xctest */;
			productType = "com.apple.product-type.bundle.ui-testing";
		};
/* End PBXNativeTarget section */

/* Begin PBXProject section */
		4FEA468D29D39CA400AFF968 /* Project object */ = {
			isa = PBXProject;
			attributes = {
				BuildIndependentTargetsInParallel = 1;
				LastSwiftUpdateCheck = 1420;
				LastUpgradeCheck = 1420;
				TargetAttributes = {
					4FEA469429D39CA400AFF968 = {
						CreatedOnToolsVersion = 14.2;
					};
					4FEA46AA29D39CA500AFF968 = {
						CreatedOnToolsVersion = 14.2;
						TestTargetID = 4FEA469429D39CA400AFF968;
					};
					4FEA46B429D39CA500AFF968 = {
						CreatedOnToolsVersion = 14.2;
						TestTargetID = 4FEA469429D39CA400AFF968;
					};
				};
			};
			buildConfigurationList = 4FEA469029D39CA400AFF968 /* Build configuration list for PBXProject "Tarea Final Nivel 1" */;
			compatibilityVersion = "Xcode 14.0";
			developmentRegion = en;
			hasScannedForEncodings = 0;
			knownRegions = (
				en,
				Base,
			);
			mainGroup = 4FEA468C29D39CA400AFF968;
			productRefGroup = 4FEA469629D39CA400AFF968 /* Products */;
			projectDirPath = "";
			projectRoot = "";
			targets = (
				4FEA469429D39CA400AFF968 /* Tarea Final Nivel 1 */,
				4FEA46AA29D39CA500AFF968 /* Tarea Final Nivel 1Tests */,
				4FEA46B429D39CA500AFF968 /* Tarea Final Nivel 1UITests */,
			);
		};
/* End PBXProject section */

/* Begin PBXResourcesBuildPhase section */
		4FEA469329D39CA400AFF968 /* Resources */ = {
			isa = PBXResourcesBuildPhase;
			buildActionMask = 2147483647;
			files = (
				4FEA46A529D39CA500AFF968 /* LaunchScreen.storyboard in Resources */,
				4FEA46CC29D5261E00AFF968 /* TableViewCell.xib in Resources */,
				4FEA46A229D39CA500AFF968 /* Assets.xcassets in Resources */,
				4FEA46A029D39CA400AFF968 /* Main.storyboard in Resources */,
			);
			runOnlyForDeploymentPostprocessing = 0;
		};
		4FEA46A929D39CA500AFF968 /* Resources */ = {
			isa = PBXResourcesBuildPhase;
			buildActionMask = 2147483647;
			files = (
			);
			runOnlyForDeploymentPostprocessing = 0;
		};
		4FEA46B329D39CA500AFF968 /* Resources */ = {
			isa = PBXResourcesBuildPhase;
			buildActionMask = 2147483647;
			files = (
			);
			runOnlyForDeploymentPostprocessing = 0;
		};
/* End PBXResourcesBuildPhase section */

/* Begin PBXSourcesBuildPhase section */
		4FEA469129D39CA400AFF968 /* Sources */ = {
			isa = PBXSourcesBuildPhase;
			buildActionMask = 2147483647;
			files = (
				4FBBBEED2A340FD000B15468 /* Model.swift in Sources */,
				4FEA46D629D67A5400AFF968 /* SecondViewController.swift in Sources */,
				4FEA46D029D5280000AFF968 /* TableView Model.swift in Sources */,
				4FEA469D29D39CA400AFF968 /* ViewController.swift in Sources */,
				4FEA46CB29D5261E00AFF968 /* TableViewCell.swift in Sources */,
				4FEA469929D39CA400AFF968 /* AppDelegate.swift in Sources */,
				4FEA469B29D39CA400AFF968 /* SceneDelegate.swift in Sources */,
			);
			runOnlyForDeploymentPostprocessing = 0;
		};
		4FEA46A729D39CA500AFF968 /* Sources */ = {
			isa = PBXSourcesBuildPhase;
			buildActionMask = 2147483647;
			files = (
			);
			runOnlyForDeploymentPostprocessing = 0;
		};
		4FEA46B129D39CA500AFF968 /* Sources */ = {
			isa = PBXSourcesBuildPhase;
			buildActionMask = 2147483647;
			files = (
			);
			runOnlyForDeploymentPostprocessing = 0;
		};
/* End PBXSourcesBuildPhase section */

/* Begin PBXTargetDependency section */
		4FEA46AD29D39CA500AFF968 /* PBXTargetDependency */ = {
			isa = PBXTargetDependency;
			target = 4FEA469429D39CA400AFF968 /* Tarea Final Nivel 1 */;
			targetProxy = 4FEA46AC29D39CA500AFF968 /* PBXContainerItemProxy */;
		};
		4FEA46B729D39CA500AFF968 /* PBXTargetDependency */ = {
			isa = PBXTargetDependency;
			target = 4FEA469429D39CA400AFF968 /* Tarea Final Nivel 1 */;
			targetProxy = 4FEA46B629D39CA500AFF968 /* PBXContainerItemProxy */;
		};
/* End PBXTargetDependency section */

/* Begin PBXVariantGroup section */
		4FEA469E29D39CA400AFF968 /* Main.storyboard */ = {
			isa = PBXVariantGroup;
			children = (
				4FEA469F29D39CA400AFF968 /* Base */,
			);
			name = Main.storyboard;
			sourceTree = "<group>";
		};
		4FEA46A329D39CA500AFF968 /* LaunchScreen.storyboard */ = {
			isa = PBXVariantGroup;
			children = (
				4FEA46A429D39CA500AFF968 /* Base */,
			);
			name = LaunchScreen.storyboard;
			sourceTree = "<group>";
		};
/* End PBXVariantGroup section */

/* Begin XCBuildConfiguration section */
		4FEA46BD29D39CA500AFF968 /* Debug */ = {
			isa = XCBuildConfiguration;
			buildSettings = {
				ALWAYS_SEARCH_USER_PATHS = NO;
				CLANG_ANALYZER_NONNULL = YES;
				CLANG_ANALYZER_NUMBER_OBJECT_CONVERSION = YES_AGGRESSIVE;
				CLANG_CXX_LANGUAGE_STANDARD = "gnu++20";
				CLANG_ENABLE_MODULES = YES;
				CLANG_ENABLE_OBJC_ARC = YES;
				CLANG_ENABLE_OBJC_WEAK = YES;
				CLANG_WARN_BLOCK_CAPTURE_AUTORELEASING = YES;
				CLANG_WARN_BOOL_CONVERSION = YES;
				CLANG_WARN_COMMA = YES;
				CLANG_WARN_CONSTANT_CONVERSION = YES;
				CLANG_WARN_DEPRECATED_OBJC_IMPLEMENTATIONS = YES;
				CLANG_WARN_DIRECT_OBJC_ISA_USAGE = YES_ERROR;
				CLANG_WARN_DOCUMENTATION_COMMENTS = YES;
				CLANG_WARN_EMPTY_BODY = YES;
				CLANG_WARN_ENUM_CONVERSION = YES;
				CLANG_WARN_INFINITE_RECURSION = YES;
				CLANG_WARN_INT_CONVERSION = YES;
				CLANG_WARN_NON_LITERAL_NULL_CONVERSION = YES;
				CLANG_WARN_OBJC_IMPLICIT_RETAIN_SELF = YES;
				CLANG_WARN_OBJC_LITERAL_CONVERSION = YES;
				CLANG_WARN_OBJC_ROOT_CLASS = YES_ERROR;
				CLANG_WARN_QUOTED_INCLUDE_IN_FRAMEWORK_HEADER = YES;
				CLANG_WARN_RANGE_LOOP_ANALYSIS = YES;
				CLANG_WARN_STRICT_PROTOTYPES = YES;
				CLANG_WARN_SUSPICIOUS_MOVE = YES;
				CLANG_WARN_UNGUARDED_AVAILABILITY = YES_AGGRESSIVE;
				CLANG_WARN_UNREACHABLE_CODE = YES;
				CLANG_WARN__DUPLICATE_METHOD_MATCH = YES;
				COPY_PHASE_STRIP = NO;
				DEBUG_INFORMATION_FORMAT = dwarf;
				ENABLE_STRICT_OBJC_MSGSEND = YES;
				ENABLE_TESTABILITY = YES;
				GCC_C_LANGUAGE_STANDARD = gnu11;
				GCC_DYNAMIC_NO_PIC = NO;
				GCC_NO_COMMON_BLOCKS = YES;
				GCC_OPTIMIZATION_LEVEL = 0;
				GCC_PREPROCESSOR_DEFINITIONS = (
					"DEBUG=1",
					"$(inherited)",
				);
				GCC_WARN_64_TO_32_BIT_CONVERSION = YES;
				GCC_WARN_ABOUT_RETURN_TYPE = YES_ERROR;
				GCC_WARN_UNDECLARED_SELECTOR = YES;
				GCC_WARN_UNINITIALIZED_AUTOS = YES_AGGRESSIVE;
				GCC_WARN_UNUSED_FUNCTION = YES;
				GCC_WARN_UNUSED_VARIABLE = YES;
				IPHONEOS_DEPLOYMENT_TARGET = 16.2;
				MTL_ENABLE_DEBUG_INFO = INCLUDE_SOURCE;
				MTL_FAST_MATH = YES;
				ONLY_ACTIVE_ARCH = YES;
				SDKROOT = iphoneos;
				SWIFT_ACTIVE_COMPILATION_CONDITIONS = DEBUG;
				SWIFT_OPTIMIZATION_LEVEL = "-Onone";
			};
			name = Debug;
		};
		4FEA46BE29D39CA500AFF968 /* Release */ = {
			isa = XCBuildConfiguration;
			buildSettings = {
				ALWAYS_SEARCH_USER_PATHS = NO;
				CLANG_ANALYZER_NONNULL = YES;
				CLANG_ANALYZER_NUMBER_OBJECT_CONVERSION = YES_AGGRESSIVE;
				CLANG_CXX_LANGUAGE_STANDARD = "gnu++20";
				CLANG_ENABLE_MODULES = YES;
				CLANG_ENABLE_OBJC_ARC = YES;
				CLANG_ENABLE_OBJC_WEAK = YES;
				CLANG_WARN_BLOCK_CAPTURE_AUTORELEASING = YES;
				CLANG_WARN_BOOL_CONVERSION = YES;
				CLANG_WARN_COMMA = YES;
				CLANG_WARN_CONSTANT_CONVERSION = YES;
				CLANG_WARN_DEPRECATED_OBJC_IMPLEMENTATIONS = YES;
				CLANG_WARN_DIRECT_OBJC_ISA_USAGE = YES_ERROR;
				CLANG_WARN_DOCUMENTATION_COMMENTS = YES;
				CLANG_WARN_EMPTY_BODY = YES;
				CLANG_WARN_ENUM_CONVERSION = YES;
				CLANG_WARN_INFINITE_RECURSION = YES;
				CLANG_WARN_INT_CONVERSION = YES;
				CLANG_WARN_NON_LITERAL_NULL_CONVERSION = YES;
				CLANG_WARN_OBJC_IMPLICIT_RETAIN_SELF = YES;
				CLANG_WARN_OBJC_LITERAL_CONVERSION = YES;
				CLANG_WARN_OBJC_ROOT_CLASS = YES_ERROR;
				CLANG_WARN_QUOTED_INCLUDE_IN_FRAMEWORK_HEADER = YES;
				CLANG_WARN_RANGE_LOOP_ANALYSIS = YES;
				CLANG_WARN_STRICT_PROTOTYPES = YES;
				CLANG_WARN_SUSPICIOUS_MOVE = YES;
				CLANG_WARN_UNGUARDED_AVAILABILITY = YES_AGGRESSIVE;
				CLANG_WARN_UNREACHABLE_CODE = YES;
				CLANG_WARN__DUPLICATE_METHOD_MATCH = YES;
				COPY_PHASE_STRIP = NO;
				DEBUG_INFORMATION_FORMAT = "dwarf-with-dsym";
				ENABLE_NS_ASSERTIONS = NO;
				ENABLE_STRICT_OBJC_MSGSEND = YES;
				GCC_C_LANGUAGE_STANDARD = gnu11;
				GCC_NO_COMMON_BLOCKS = YES;
				GCC_WARN_64_TO_32_BIT_CONVERSION = YES;
				GCC_WARN_ABOUT_RETURN_TYPE = YES_ERROR;
				GCC_WARN_UNDECLARED_SELECTOR = YES;
				GCC_WARN_UNINITIALIZED_AUTOS = YES_AGGRESSIVE;
				GCC_WARN_UNUSED_FUNCTION = YES;
				GCC_WARN_UNUSED_VARIABLE = YES;
				IPHONEOS_DEPLOYMENT_TARGET = 16.2;
				MTL_ENABLE_DEBUG_INFO = NO;
				MTL_FAST_MATH = YES;
				SDKROOT = iphoneos;
				SWIFT_COMPILATION_MODE = wholemodule;
				SWIFT_OPTIMIZATION_LEVEL = "-O";
				VALIDATE_PRODUCT = YES;
			};
			name = Release;
		};
		4FEA46C029D39CA500AFF968 /* Debug */ = {
			isa = XCBuildConfiguration;
			buildSettings = {
				ASSETCATALOG_COMPILER_APPICON_NAME = AppIcon;
				ASSETCATALOG_COMPILER_GLOBAL_ACCENT_COLOR_NAME = AccentColor;
				CODE_SIGN_STYLE = Automatic;
				CURRENT_PROJECT_VERSION = 1;
				DEVELOPMENT_TEAM = 37M53GVSJZ;
				GENERATE_INFOPLIST_FILE = YES;
				INFOPLIST_FILE = "Tarea Final Nivel 1/Info.plist";
				INFOPLIST_KEY_UIApplicationSupportsIndirectInputEvents = YES;
				INFOPLIST_KEY_UILaunchStoryboardName = LaunchScreen;
				INFOPLIST_KEY_UIMainStoryboardFile = Main;
				INFOPLIST_KEY_UISupportedInterfaceOrientations = UIInterfaceOrientationPortrait;
				INFOPLIST_KEY_UISupportedInterfaceOrientations_iPad = "UIInterfaceOrientationLandscapeLeft UIInterfaceOrientationLandscapeRight UIInterfaceOrientationPortrait UIInterfaceOrientationPortraitUpsideDown";
				IPHONEOS_DEPLOYMENT_TARGET = 15.0;
				LD_RUNPATH_SEARCH_PATHS = (
					"$(inherited)",
					"@executable_path/Frameworks",
				);
				MARKETING_VERSION = 1.0;
				PRODUCT_BUNDLE_IDENTIFIER = "Bootcamp.Tarea-Final-Nivel-1";
				PRODUCT_NAME = "$(TARGET_NAME)";
				SUPPORTED_PLATFORMS = "iphoneos iphonesimulator";
				SUPPORTS_MACCATALYST = NO;
				SUPPORTS_MAC_DESIGNED_FOR_IPHONE_IPAD = NO;
				SWIFT_EMIT_LOC_STRINGS = YES;
				SWIFT_VERSION = 5.0;
				TARGETED_DEVICE_FAMILY = 1;
			};
			name = Debug;
		};
		4FEA46C129D39CA500AFF968 /* Release */ = {
			isa = XCBuildConfiguration;
			buildSettings = {
				ASSETCATALOG_COMPILER_APPICON_NAME = AppIcon;
				ASSETCATALOG_COMPILER_GLOBAL_ACCENT_COLOR_NAME = AccentColor;
				CODE_SIGN_STYLE = Automatic;
				CURRENT_PROJECT_VERSION = 1;
				DEVELOPMENT_TEAM = 37M53GVSJZ;
				GENERATE_INFOPLIST_FILE = YES;
				INFOPLIST_FILE = "Tarea Final Nivel 1/Info.plist";
				INFOPLIST_KEY_UIApplicationSupportsIndirectInputEvents = YES;
				INFOPLIST_KEY_UILaunchStoryboardName = LaunchScreen;
				INFOPLIST_KEY_UIMainStoryboardFile = Main;
				INFOPLIST_KEY_UISupportedInterfaceOrientations = UIInterfaceOrientationPortrait;
				INFOPLIST_KEY_UISupportedInterfaceOrientations_iPad = "UIInterfaceOrientationLandscapeLeft UIInterfaceOrientationLandscapeRight UIInterfaceOrientationPortrait UIInterfaceOrientationPortraitUpsideDown";
				IPHONEOS_DEPLOYMENT_TARGET = 15.0;
				LD_RUNPATH_SEARCH_PATHS = (
					"$(inherited)",
					"@executable_path/Frameworks",
				);
				MARKETING_VERSION = 1.0;
				PRODUCT_BUNDLE_IDENTIFIER = "Bootcamp.Tarea-Final-Nivel-1";
				PRODUCT_NAME = "$(TARGET_NAME)";
				SUPPORTED_PLATFORMS = "iphoneos iphonesimulator";
				SUPPORTS_MACCATALYST = NO;
				SUPPORTS_MAC_DESIGNED_FOR_IPHONE_IPAD = NO;
				SWIFT_EMIT_LOC_STRINGS = YES;
				SWIFT_VERSION = 5.0;
				TARGETED_DEVICE_FAMILY = 1;
			};
			name = Release;
		};
		4FEA46C329D39CA500AFF968 /* Debug */ = {
			isa = XCBuildConfiguration;
			buildSettings = {
				ALWAYS_EMBED_SWIFT_STANDARD_LIBRARIES = YES;
				BUNDLE_LOADER = "$(TEST_HOST)";
				CODE_SIGN_STYLE = Automatic;
				CURRENT_PROJECT_VERSION = 1;
				DEVELOPMENT_TEAM = 37M53GVSJZ;
				GENERATE_INFOPLIST_FILE = YES;
				IPHONEOS_DEPLOYMENT_TARGET = 16.2;
				MARKETING_VERSION = 1.0;
				PRODUCT_BUNDLE_IDENTIFIER = "Bootcamp.Tarea-Final-Nivel-1Tests";
				PRODUCT_NAME = "$(TARGET_NAME)";
				SWIFT_EMIT_LOC_STRINGS = NO;
				SWIFT_VERSION = 5.0;
				TARGETED_DEVICE_FAMILY = "1,2";
				TEST_HOST = "$(BUILT_PRODUCTS_DIR)/Tarea Final Nivel 1.app/$(BUNDLE_EXECUTABLE_FOLDER_PATH)/Tarea Final Nivel 1";
			};
			name = Debug;
		};
		4FEA46C429D39CA500AFF968 /* Release */ = {
			isa = XCBuildConfiguration;
			buildSettings = {
				ALWAYS_EMBED_SWIFT_STANDARD_LIBRARIES = YES;
				BUNDLE_LOADER = "$(TEST_HOST)";
				CODE_SIGN_STYLE = Automatic;
				CURRENT_PROJECT_VERSION = 1;
				DEVELOPMENT_TEAM = 37M53GVSJZ;
				GENERATE_INFOPLIST_FILE = YES;
				IPHONEOS_DEPLOYMENT_TARGET = 16.2;
				MARKETING_VERSION = 1.0;
				PRODUCT_BUNDLE_IDENTIFIER = "Bootcamp.Tarea-Final-Nivel-1Tests";
				PRODUCT_NAME = "$(TARGET_NAME)";
				SWIFT_EMIT_LOC_STRINGS = NO;
				SWIFT_VERSION = 5.0;
				TARGETED_DEVICE_FAMILY = "1,2";
				TEST_HOST = "$(BUILT_PRODUCTS_DIR)/Tarea Final Nivel 1.app/$(BUNDLE_EXECUTABLE_FOLDER_PATH)/Tarea Final Nivel 1";
			};
			name = Release;
		};
		4FEA46C629D39CA500AFF968 /* Debug */ = {
			isa = XCBuildConfiguration;
			buildSettings = {
				ALWAYS_EMBED_SWIFT_STANDARD_LIBRARIES = YES;
				CODE_SIGN_STYLE = Automatic;
				CURRENT_PROJECT_VERSION = 1;
				DEVELOPMENT_TEAM = 37M53GVSJZ;
				GENERATE_INFOPLIST_FILE = YES;
				MARKETING_VERSION = 1.0;
				PRODUCT_BUNDLE_IDENTIFIER = "Bootcamp.Tarea-Final-Nivel-1UITests";
				PRODUCT_NAME = "$(TARGET_NAME)";
				SWIFT_EMIT_LOC_STRINGS = NO;
				SWIFT_VERSION = 5.0;
				TARGETED_DEVICE_FAMILY = "1,2";
				TEST_TARGET_NAME = "Tarea Final Nivel 1";
			};
			name = Debug;
		};
		4FEA46C729D39CA500AFF968 /* Release */ = {
			isa = XCBuildConfiguration;
			buildSettings = {
				ALWAYS_EMBED_SWIFT_STANDARD_LIBRARIES = YES;
				CODE_SIGN_STYLE = Automatic;
				CURRENT_PROJECT_VERSION = 1;
				DEVELOPMENT_TEAM = 37M53GVSJZ;
				GENERATE_INFOPLIST_FILE = YES;
				MARKETING_VERSION = 1.0;
				PRODUCT_BUNDLE_IDENTIFIER = "Bootcamp.Tarea-Final-Nivel-1UITests";
				PRODUCT_NAME = "$(TARGET_NAME)";
				SWIFT_EMIT_LOC_STRINGS = NO;
				SWIFT_VERSION = 5.0;
				TARGETED_DEVICE_FAMILY = "1,2";
				TEST_TARGET_NAME = "Tarea Final Nivel 1";
			};
			name = Release;
		};
/* End XCBuildConfiguration section */

/* Begin XCConfigurationList section */
		4FEA469029D39CA400AFF968 /* Build configuration list for PBXProject "Tarea Final Nivel 1" */ = {
			isa = XCConfigurationList;
			buildConfigurations = (
				4FEA46BD29D39CA500AFF968 /* Debug */,
				4FEA46BE29D39CA500AFF968 /* Release */,
			);
			defaultConfigurationIsVisible = 0;
			defaultConfigurationName = Release;
		};
		4FEA46BF29D39CA500AFF968 /* Build configuration list for PBXNativeTarget "Tarea Final Nivel 1" */ = {
			isa = XCConfigurationList;
			buildConfigurations = (
				4FEA46C029D39CA500AFF968 /* Debug */,
				4FEA46C129D39CA500AFF968 /* Release */,
			);
			defaultConfigurationIsVisible = 0;
			defaultConfigurationName = Release;
		};
		4FEA46C229D39CA500AFF968 /* Build configuration list for PBXNativeTarget "Tarea Final Nivel 1Tests" */ = {
			isa = XCConfigurationList;
			buildConfigurations = (
				4FEA46C329D39CA500AFF968 /* Debug */,
				4FEA46C429D39CA500AFF968 /* Release */,
			);
			defaultConfigurationIsVisible = 0;
			defaultConfigurationName = Release;
		};
		4FEA46C529D39CA500AFF968 /* Build configuration list for PBXNativeTarget "Tarea Final Nivel 1UITests" */ = {
			isa = XCConfigurationList;
			buildConfigurations = (
				4FEA46C629D39CA500AFF968 /* Debug */,
				4FEA46C729D39CA500AFF968 /* Release */,
			);
			defaultConfigurationIsVisible = 0;
			defaultConfigurationName = Release;
		};
/* End XCConfigurationList section */
	};
	rootObject = 4FEA468D29D39CA400AFF968 /* Project object */;
}
